
Microsoft Visual Studio Solution File, Format Version 12.00
# Visual Studio Version 16
VisualStudioVersion = 16.0.30503.244
MinimumVisualStudioVersion = 10.0.40219.1
Project("{FAE04EC0-301F-11D3-BF4B-00C04F79EFBC}") = "ApiWilldom", "ApiWilldom\ApiWilldom.csproj", "{5EE2CC19-9DA4-4FD3-A618-3BC4766E57B1}"
EndProject
Global
	GlobalSection(SolutionConfigurationPlatforms) = preSolution
		Debug|Any CPU = Debug|Any CPU
		Release|Any CPU = Release|Any CPU
	EndGlobalSection
	GlobalSection(ProjectConfigurationPlatforms) = postSolution
		{5EE2CC19-9DA4-4FD3-A618-3BC4766E57B1}.Debug|Any CPU.ActiveCfg = Debug|Any CPU
		{5EE2CC19-9DA4-4FD3-A618-3BC4766E57B1}.Debug|Any CPU.Build.0 = Debug|Any CPU
		{5EE2CC19-9DA4-4FD3-A618-3BC4766E57B1}.Release|Any CPU.ActiveCfg = Release|Any CPU
		{5EE2CC19-9DA4-4FD3-A618-3BC4766E57B1}.Release|Any CPU.Build.0 = Release|Any CPU
	EndGlobalSection
	GlobalSection(SolutionProperties) = preSolution
		HideSolutionNode = FALSE
	EndGlobalSection
	GlobalSection(ExtensibilityGlobals) = postSolution
		SolutionGuid = {9F097DF9-1AE8-4D51-B74F-0580DC731981}
	EndGlobalSection
EndGlobal
